
Microsoft Visual Studio Solution File, Format Version 12.00
# Visual Studio Version 16
VisualStudioVersion = 16.0.32630.194
MinimumVisualStudioVersion = 10.0.40219.1
Project("{8BC9CEB8-8B4A-11D0-8D11-00A0C91BC942}") = "C++Learning", "C++Learning\C++Learning.vcxproj", "{A9F1CA98-BB42-4701-9B86-C860038C3663}"
EndProject
Project("{8BC9CEB8-8B4A-11D0-8D11-00A0C91BC942}") = "vector类", "vector类\vector类.vcxproj", "{587CA469-45F6-4504-8BB4-516BAC583943}"
EndProject
Project("{8BC9CEB8-8B4A-11D0-8D11-00A0C91BC942}") = "泛型的vector类", "泛型的vector类\泛型的vector类.vcxproj", "{A39D67C7-9F69-404B-821F-DF7036CAA710}"
EndProject
Project("{8BC9CEB8-8B4A-11D0-8D11-00A0C91BC942}") = "虚析构和纯虚析构", "虚析构和纯虚析构\虚析构和纯虚析构.vcxproj", "{A31F9754-6601-4A9F-A7FA-91235613EFF5}"
EndProject
Project("{8BC9CEB8-8B4A-11D0-8D11-00A0C91BC942}") = "文件操作", "文件操作\文件操作.vcxproj", "{B04B605E-AB8E-4055-B00A-F895FB00610A}"
EndProject
Project("{8BC9CEB8-8B4A-11D0-8D11-00A0C91BC942}") = "职工管理系统", "职工管理系统\职工管理系统.vcxproj", "{9BCD94F2-B5EF-4C89-9C63-6145AB799974}"
EndProject
Project("{8BC9CEB8-8B4A-11D0-8D11-00A0C91BC942}") = "多线程", "多线程\多线程.vcxproj", "{16412070-C80B-4476-A833-B87AAC51685F}"
EndProject
Project("{8BC9CEB8-8B4A-11D0-8D11-00A0C91BC942}") = "传递参数详解", "传递参数详解\传递参数详解.vcxproj", "{D7F5340B-F325-4863-B053-1B47B725E61A}"
EndProject
Project("{8BC9CEB8-8B4A-11D0-8D11-00A0C91BC942}") = "模板学习", "模板学习\模板学习.vcxproj", "{CD69ACAE-6300-47CC-BFB6-C645E27F3699}"
EndProject
Project("{8BC9CEB8-8B4A-11D0-8D11-00A0C91BC942}") = "STL学习", "STL学习\STL学习.vcxproj", "{1CEF8F9E-4BDD-46E1-BAE9-0B78FCD83948}"
EndProject
Project("{8BC9CEB8-8B4A-11D0-8D11-00A0C91BC942}") = "List容器", "List容器\List容器.vcxproj", "{25783033-CC57-47E2-A4A7-9BA173BF344E}"
EndProject
Project("{8BC9CEB8-8B4A-11D0-8D11-00A0C91BC942}") = "排序案例，自定义类型的排序", "排序案例，自定义类型的排序\排序案例，自定义类型的排序.vcxproj", "{35D8B084-C332-4A43-9CA0-84A7341477C9}"
EndProject
Project("{8BC9CEB8-8B4A-11D0-8D11-00A0C91BC942}") = "set_multiset容器learning", "set_multiset容器learning\set_multiset容器learning.vcxproj", "{118D2DC0-2485-4CE3-8E88-AA38E53B3A84}"
EndProject
Project("{8BC9CEB8-8B4A-11D0-8D11-00A0C91BC942}") = "Set容器改变排序规则", "Set容器改变排序规则\Set容器改变排序规则.vcxproj", "{64C0731D-DFBB-44DA-AA8F-76921C2BB622}"
EndProject
Project("{8BC9CEB8-8B4A-11D0-8D11-00A0C91BC942}") = "Map容器学习", "Map容器学习\Map容器学习.vcxproj", "{1F0A1785-4B68-40A4-8ED8-77A125074813}"
EndProject
Project("{8BC9CEB8-8B4A-11D0-8D11-00A0C91BC942}") = "Map容器改变排序规则", "Map容器改变排序规则\Map容器改变排序规则.vcxproj", "{B2A7C0A0-118F-412E-BC0F-E182DA64A154}"
EndProject
Project("{8BC9CEB8-8B4A-11D0-8D11-00A0C91BC942}") = "STL案例2-员工分类", "STL案例2-员工分类\STL案例2-员工分类.vcxproj", "{B8F1D2C1-2381-4B07-924A-A8670F854BA1}"
EndProject
Project("{8BC9CEB8-8B4A-11D0-8D11-00A0C91BC942}") = "STL函数对象", "STL函数对象\STL函数对象.vcxproj", "{3D34C395-A41D-4A4A-B17E-81D66F66182D}"
EndProject
Project("{8BC9CEB8-8B4A-11D0-8D11-00A0C91BC942}") = "谓词STL", "谓词STL\谓词STL.vcxproj", "{9A1C1E6C-7755-4E44-9B3D-011D9C1F2EBB}"
EndProject
Global
	GlobalSection(SolutionConfigurationPlatforms) = preSolution
		Debug|Win32 = Debug|Win32
		Debug|x64 = Debug|x64
		Debug|x86 = Debug|x86
		Release|Win32 = Release|Win32
		Release|x64 = Release|x64
		Release|x86 = Release|x86
	EndGlobalSection
	GlobalSection(ProjectConfigurationPlatforms) = postSolution
		{A9F1CA98-BB42-4701-9B86-C860038C3663}.Debug|Win32.ActiveCfg = Debug|Win32
		{A9F1CA98-BB42-4701-9B86-C860038C3663}.Debug|Win32.Build.0 = Debug|Win32
		{A9F1CA98-BB42-4701-9B86-C860038C3663}.Debug|x64.ActiveCfg = Debug|x64
		{A9F1CA98-BB42-4701-9B86-C860038C3663}.Debug|x64.Build.0 = Debug|x64
		{A9F1CA98-BB42-4701-9B86-C860038C3663}.Debug|x86.ActiveCfg = Debug|Win32
		{A9F1CA98-BB42-4701-9B86-C860038C3663}.Debug|x86.Build.0 = Debug|Win32
		{A9F1CA98-BB42-4701-9B86-C860038C3663}.Release|Win32.ActiveCfg = Release|Win32
		{A9F1CA98-BB42-4701-9B86-C860038C3663}.Release|Win32.Build.0 = Release|Win32
		{A9F1CA98-BB42-4701-9B86-C860038C3663}.Release|x64.ActiveCfg = Release|x64
		{A9F1CA98-BB42-4701-9B86-C860038C3663}.Release|x64.Build.0 = Release|x64
		{A9F1CA98-BB42-4701-9B86-C860038C3663}.Release|x86.ActiveCfg = Release|Win32
		{A9F1CA98-BB42-4701-9B86-C860038C3663}.Release|x86.Build.0 = Release|Win32
		{587CA469-45F6-4504-8BB4-516BAC583943}.Debug|Win32.ActiveCfg = Debug|Win32
		{587CA469-45F6-4504-8BB4-516BAC583943}.Debug|Win32.Build.0 = Debug|Win32
		{587CA469-45F6-4504-8BB4-516BAC583943}.Debug|x64.ActiveCfg = Debug|x64
		{587CA469-45F6-4504-8BB4-516BAC583943}.Debug|x64.Build.0 = Debug|x64
		{587CA469-45F6-4504-8BB4-516BAC583943}.Debug|x86.ActiveCfg = Debug|Win32
		{587CA469-45F6-4504-8BB4-516BAC583943}.Debug|x86.Build.0 = Debug|Win32
		{587CA469-45F6-4504-8BB4-516BAC583943}.Release|Win32.ActiveCfg = Release|Win32
		{587CA469-45F6-4504-8BB4-516BAC583943}.Release|Win32.Build.0 = Release|Win32
		{587CA469-45F6-4504-8BB4-516BAC583943}.Release|x64.ActiveCfg = Release|x64
		{587CA469-45F6-4504-8BB4-516BAC583943}.Release|x64.Build.0 = Release|x64
		{587CA469-45F6-4504-8BB4-516BAC583943}.Release|x86.ActiveCfg = Release|Win32
		{587CA469-45F6-4504-8BB4-516BAC583943}.Release|x86.Build.0 = Release|Win32
		{A39D67C7-9F69-404B-821F-DF7036CAA710}.Debug|Win32.ActiveCfg = Debug|Win32
		{A39D67C7-9F69-404B-821F-DF7036CAA710}.Debug|Win32.Build.0 = Debug|Win32
		{A39D67C7-9F69-404B-821F-DF7036CAA710}.Debug|x64.ActiveCfg = Debug|x64
		{A39D67C7-9F69-404B-821F-DF7036CAA710}.Debug|x64.Build.0 = Debug|x64
		{A39D67C7-9F69-404B-821F-DF7036CAA710}.Debug|x86.ActiveCfg = Debug|Win32
		{A39D67C7-9F69-404B-821F-DF7036CAA710}.Debug|x86.Build.0 = Debug|Win32
		{A39D67C7-9F69-404B-821F-DF7036CAA710}.Release|Win32.ActiveCfg = Release|Win32
		{A39D67C7-9F69-404B-821F-DF7036CAA710}.Release|Win32.Build.0 = Release|Win32
		{A39D67C7-9F69-404B-821F-DF7036CAA710}.Release|x64.ActiveCfg = Release|x64
		{A39D67C7-9F69-404B-821F-DF7036CAA710}.Release|x64.Build.0 = Release|x64
		{A39D67C7-9F69-404B-821F-DF7036CAA710}.Release|x86.ActiveCfg = Release|Win32
		{A39D67C7-9F69-404B-821F-DF7036CAA710}.Release|x86.Build.0 = Release|Win32
		{A31F9754-6601-4A9F-A7FA-91235613EFF5}.Debug|Win32.ActiveCfg = Debug|Win32
		{A31F9754-6601-4A9F-A7FA-91235613EFF5}.Debug|Win32.Build.0 = Debug|Win32
		{A31F9754-6601-4A9F-A7FA-91235613EFF5}.Debug|x64.ActiveCfg = Debug|x64
		{A31F9754-6601-4A9F-A7FA-91235613EFF5}.Debug|x64.Build.0 = Debug|x64
		{A31F9754-6601-4A9F-A7FA-91235613EFF5}.Debug|x86.ActiveCfg = Debug|Win32
		{A31F9754-6601-4A9F-A7FA-91235613EFF5}.Debug|x86.Build.0 = Debug|Win32
		{A31F9754-6601-4A9F-A7FA-91235613EFF5}.Release|Win32.ActiveCfg = Release|Win32
		{A31F9754-6601-4A9F-A7FA-91235613EFF5}.Release|Win32.Build.0 = Release|Win32
		{A31F9754-6601-4A9F-A7FA-91235613EFF5}.Release|x64.ActiveCfg = Release|x64
		{A31F9754-6601-4A9F-A7FA-91235613EFF5}.Release|x64.Build.0 = Release|x64
		{A31F9754-6601-4A9F-A7FA-91235613EFF5}.Release|x86.ActiveCfg = Release|Win32
		{A31F9754-6601-4A9F-A7FA-91235613EFF5}.Release|x86.Build.0 = Release|Win32
		{B04B605E-AB8E-4055-B00A-F895FB00610A}.Debug|Win32.ActiveCfg = Debug|Win32
		{B04B605E-AB8E-4055-B00A-F895FB00610A}.Debug|Win32.Build.0 = Debug|Win32
		{B04B605E-AB8E-4055-B00A-F895FB00610A}.Debug|x64.ActiveCfg = Debug|x64
		{B04B605E-AB8E-4055-B00A-F895FB00610A}.Debug|x64.Build.0 = Debug|x64
		{B04B605E-AB8E-4055-B00A-F895FB00610A}.Debug|x86.ActiveCfg = Debug|Win32
		{B04B605E-AB8E-4055-B00A-F895FB00610A}.Debug|x86.Build.0 = Debug|Win32
		{B04B605E-AB8E-4055-B00A-F895FB00610A}.Release|Win32.ActiveCfg = Release|Win32
		{B04B605E-AB8E-4055-B00A-F895FB00610A}.Release|Win32.Build.0 = Release|Win32
		{B04B605E-AB8E-4055-B00A-F895FB00610A}.Release|x64.ActiveCfg = Release|x64
		{B04B605E-AB8E-4055-B00A-F895FB00610A}.Release|x64.Build.0 = Release|x64
		{B04B605E-AB8E-4055-B00A-F895FB00610A}.Release|x86.ActiveCfg = Release|Win32
		{B04B605E-AB8E-4055-B00A-F895FB00610A}.Release|x86.Build.0 = Release|Win32
		{9BCD94F2-B5EF-4C89-9C63-6145AB799974}.Debug|Win32.ActiveCfg = Debug|Win32
		{9BCD94F2-B5EF-4C89-9C63-6145AB799974}.Debug|Win32.Build.0 = Debug|Win32
		{9BCD94F2-B5EF-4C89-9C63-6145AB799974}.Debug|x64.ActiveCfg = Debug|x64
		{9BCD94F2-B5EF-4C89-9C63-6145AB799974}.Debug|x64.Build.0 = Debug|x64
		{9BCD94F2-B5EF-4C89-9C63-6145AB799974}.Debug|x86.ActiveCfg = Debug|Win32
		{9BCD94F2-B5EF-4C89-9C63-6145AB799974}.Debug|x86.Build.0 = Debug|Win32
		{9BCD94F2-B5EF-4C89-9C63-6145AB799974}.Release|Win32.ActiveCfg = Release|Win32
		{9BCD94F2-B5EF-4C89-9C63-6145AB799974}.Release|Win32.Build.0 = Release|Win32
		{9BCD94F2-B5EF-4C89-9C63-6145AB799974}.Release|x64.ActiveCfg = Release|x64
		{9BCD94F2-B5EF-4C89-9C63-6145AB799974}.Release|x64.Build.0 = Release|x64
		{9BCD94F2-B5EF-4C89-9C63-6145AB799974}.Release|x86.ActiveCfg = Release|Win32
		{9BCD94F2-B5EF-4C89-9C63-6145AB799974}.Release|x86.Build.0 = Release|Win32
		{16412070-C80B-4476-A833-B87AAC51685F}.Debug|Win32.ActiveCfg = Debug|Win32
		{16412070-C80B-4476-A833-B87AAC51685F}.Debug|Win32.Build.0 = Debug|Win32
		{16412070-C80B-4476-A833-B87AAC51685F}.Debug|x64.ActiveCfg = Debug|x64
		{16412070-C80B-4476-A833-B87AAC51685F}.Debug|x64.Build.0 = Debug|x64
		{16412070-C80B-4476-A833-B87AAC51685F}.Debug|x86.ActiveCfg = Debug|Win32
		{16412070-C80B-4476-A833-B87AAC51685F}.Debug|x86.Build.0 = Debug|Win32
		{16412070-C80B-4476-A833-B87AAC51685F}.Release|Win32.ActiveCfg = Release|Win32
		{16412070-C80B-4476-A833-B87AAC51685F}.Release|Win32.Build.0 = Release|Win32
		{16412070-C80B-4476-A833-B87AAC51685F}.Release|x64.ActiveCfg = Release|x64
		{16412070-C80B-4476-A833-B87AAC51685F}.Release|x64.Build.0 = Release|x64
		{16412070-C80B-4476-A833-B87AAC51685F}.Release|x86.ActiveCfg = Release|Win32
		{16412070-C80B-4476-A833-B87AAC51685F}.Release|x86.Build.0 = Release|Win32
		{D7F5340B-F325-4863-B053-1B47B725E61A}.Debug|Win32.ActiveCfg = Debug|Win32
		{D7F5340B-F325-4863-B053-1B47B725E61A}.Debug|Win32.Build.0 = Debug|Win32
		{D7F5340B-F325-4863-B053-1B47B725E61A}.Debug|x64.ActiveCfg = Debug|x64
		{D7F5340B-F325-4863-B053-1B47B725E61A}.Debug|x64.Build.0 = Debug|x64
		{D7F5340B-F325-4863-B053-1B47B725E61A}.Debug|x86.ActiveCfg = Debug|Win32
		{D7F5340B-F325-4863-B053-1B47B725E61A}.Debug|x86.Build.0 = Debug|Win32
		{D7F5340B-F325-4863-B053-1B47B725E61A}.Release|Win32.ActiveCfg = Release|Win32
		{D7F5340B-F325-4863-B053-1B47B725E61A}.Release|Win32.Build.0 = Release|Win32
		{D7F5340B-F325-4863-B053-1B47B725E61A}.Release|x64.ActiveCfg = Release|x64
		{D7F5340B-F325-4863-B053-1B47B725E61A}.Release|x64.Build.0 = Release|x64
		{D7F5340B-F325-4863-B053-1B47B725E61A}.Release|x86.ActiveCfg = Release|Win32
		{D7F5340B-F325-4863-B053-1B47B725E61A}.Release|x86.Build.0 = Release|Win32
		{CD69ACAE-6300-47CC-BFB6-C645E27F3699}.Debug|Win32.ActiveCfg = Debug|Win32
		{CD69ACAE-6300-47CC-BFB6-C645E27F3699}.Debug|Win32.Build.0 = Debug|Win32
		{CD69ACAE-6300-47CC-BFB6-C645E27F3699}.Debug|x64.ActiveCfg = Debug|x64
		{CD69ACAE-6300-47CC-BFB6-C645E27F3699}.Debug|x64.Build.0 = Debug|x64
		{CD69ACAE-6300-47CC-BFB6-C645E27F3699}.Debug|x86.ActiveCfg = Debug|Win32
		{CD69ACAE-6300-47CC-BFB6-C645E27F3699}.Debug|x86.Build.0 = Debug|Win32
		{CD69ACAE-6300-47CC-BFB6-C645E27F3699}.Release|Win32.ActiveCfg = Release|Win32
		{CD69ACAE-6300-47CC-BFB6-C645E27F3699}.Release|Win32.Build.0 = Release|Win32
		{CD69ACAE-6300-47CC-BFB6-C645E27F3699}.Release|x64.ActiveCfg = Release|x64
		{CD69ACAE-6300-47CC-BFB6-C645E27F3699}.Release|x64.Build.0 = Release|x64
		{CD69ACAE-6300-47CC-BFB6-C645E27F3699}.Release|x86.ActiveCfg = Release|Win32
		{CD69ACAE-6300-47CC-BFB6-C645E27F3699}.Release|x86.Build.0 = Release|Win32
		{1CEF8F9E-4BDD-46E1-BAE9-0B78FCD83948}.Debug|Win32.ActiveCfg = Debug|Win32
		{1CEF8F9E-4BDD-46E1-BAE9-0B78FCD83948}.Debug|Win32.Build.0 = Debug|Win32
		{1CEF8F9E-4BDD-46E1-BAE9-0B78FCD83948}.Debug|x64.ActiveCfg = Debug|x64
		{1CEF8F9E-4BDD-46E1-BAE9-0B78FCD83948}.Debug|x64.Build.0 = Debug|x64
		{1CEF8F9E-4BDD-46E1-BAE9-0B78FCD83948}.Debug|x86.ActiveCfg = Debug|Win32
		{1CEF8F9E-4BDD-46E1-BAE9-0B78FCD83948}.Debug|x86.Build.0 = Debug|Win32
		{1CEF8F9E-4BDD-46E1-BAE9-0B78FCD83948}.Release|Win32.ActiveCfg = Release|Win32
		{1CEF8F9E-4BDD-46E1-BAE9-0B78FCD83948}.Release|Win32.Build.0 = Release|Win32
		{1CEF8F9E-4BDD-46E1-BAE9-0B78FCD83948}.Release|x64.ActiveCfg = Release|x64
		{1CEF8F9E-4BDD-46E1-BAE9-0B78FCD83948}.Release|x64.Build.0 = Release|x64
		{1CEF8F9E-4BDD-46E1-BAE9-0B78FCD83948}.Release|x86.ActiveCfg = Release|Win32
		{1CEF8F9E-4BDD-46E1-BAE9-0B78FCD83948}.Release|x86.Build.0 = Release|Win32
		{25783033-CC57-47E2-A4A7-9BA173BF344E}.Debug|Win32.ActiveCfg = Debug|Win32
		{25783033-CC57-47E2-A4A7-9BA173BF344E}.Debug|Win32.Build.0 = Debug|Win32
		{25783033-CC57-47E2-A4A7-9BA173BF344E}.Debug|x64.ActiveCfg = Debug|x64
		{25783033-CC57-47E2-A4A7-9BA173BF344E}.Debug|x64.Build.0 = Debug|x64
		{25783033-CC57-47E2-A4A7-9BA173BF344E}.Debug|x86.ActiveCfg = Debug|Win32
		{25783033-CC57-47E2-A4A7-9BA173BF344E}.Debug|x86.Build.0 = Debug|Win32
		{25783033-CC57-47E2-A4A7-9BA173BF344E}.Release|Win32.ActiveCfg = Release|Win32
		{25783033-CC57-47E2-A4A7-9BA173BF344E}.Release|Win32.Build.0 = Release|Win32
		{25783033-CC57-47E2-A4A7-9BA173BF344E}.Release|x64.ActiveCfg = Release|x64
		{25783033-CC57-47E2-A4A7-9BA173BF344E}.Release|x64.Build.0 = Release|x64
		{25783033-CC57-47E2-A4A7-9BA173BF344E}.Release|x86.ActiveCfg = Release|Win32
		{25783033-CC57-47E2-A4A7-9BA173BF344E}.Release|x86.Build.0 = Release|Win32
		{35D8B084-C332-4A43-9CA0-84A7341477C9}.Debug|Win32.ActiveCfg = Debug|Win32
		{35D8B084-C332-4A43-9CA0-84A7341477C9}.Debug|Win32.Build.0 = Debug|Win32
		{35D8B084-C332-4A43-9CA0-84A7341477C9}.Debug|x64.ActiveCfg = Debug|x64
		{35D8B084-C332-4A43-9CA0-84A7341477C9}.Debug|x64.Build.0 = Debug|x64
		{35D8B084-C332-4A43-9CA0-84A7341477C9}.Debug|x86.ActiveCfg = Debug|Win32
		{35D8B084-C332-4A43-9CA0-84A7341477C9}.Debug|x86.Build.0 = Debug|Win32
		{35D8B084-C332-4A43-9CA0-84A7341477C9}.Release|Win32.ActiveCfg = Release|Win32
		{35D8B084-C332-4A43-9CA0-84A7341477C9}.Release|Win32.Build.0 = Release|Win32
		{35D8B084-C332-4A43-9CA0-84A7341477C9}.Release|x64.ActiveCfg = Release|x64
		{35D8B084-C332-4A43-9CA0-84A7341477C9}.Release|x64.Build.0 = Release|x64
		{35D8B084-C332-4A43-9CA0-84A7341477C9}.Release|x86.ActiveCfg = Release|Win32
		{35D8B084-C332-4A43-9CA0-84A7341477C9}.Release|x86.Build.0 = Release|Win32
		{118D2DC0-2485-4CE3-8E88-AA38E53B3A84}.Debug|Win32.ActiveCfg = Debug|Win32
		{118D2DC0-2485-4CE3-8E88-AA38E53B3A84}.Debug|Win32.Build.0 = Debug|Win32
		{118D2DC0-2485-4CE3-8E88-AA38E53B3A84}.Debug|x64.ActiveCfg = Debug|x64
		{118D2DC0-2485-4CE3-8E88-AA38E53B3A84}.Debug|x64.Build.0 = Debug|x64
		{118D2DC0-2485-4CE3-8E88-AA38E53B3A84}.Debug|x86.ActiveCfg = Debug|Win32
		{118D2DC0-2485-4CE3-8E88-AA38E53B3A84}.Debug|x86.Build.0 = Debug|Win32
		{118D2DC0-2485-4CE3-8E88-AA38E53B3A84}.Release|Win32.ActiveCfg = Release|Win32
		{118D2DC0-2485-4CE3-8E88-AA38E53B3A84}.Release|Win32.Build.0 = Release|Win32
		{118D2DC0-2485-4CE3-8E88-AA38E53B3A84}.Release|x64.ActiveCfg = Release|x64
		{118D2DC0-2485-4CE3-8E88-AA38E53B3A84}.Release|x64.Build.0 = Release|x64
		{118D2DC0-2485-4CE3-8E88-AA38E53B3A84}.Release|x86.ActiveCfg = Release|Win32
		{118D2DC0-2485-4CE3-8E88-AA38E53B3A84}.Release|x86.Build.0 = Release|Win32
		{64C0731D-DFBB-44DA-AA8F-76921C2BB622}.Debug|Win32.ActiveCfg = Debug|Win32
		{64C0731D-DFBB-44DA-AA8F-76921C2BB622}.Debug|Win32.Build.0 = Debug|Win32
		{64C0731D-DFBB-44DA-AA8F-76921C2BB622}.Debug|x64.ActiveCfg = Debug|x64
		{64C0731D-DFBB-44DA-AA8F-76921C2BB622}.Debug|x64.Build.0 = Debug|x64
		{64C0731D-DFBB-44DA-AA8F-76921C2BB622}.Debug|x86.ActiveCfg = Debug|Win32
		{64C0731D-DFBB-44DA-AA8F-76921C2BB622}.Debug|x86.Build.0 = Debug|Win32
		{64C0731D-DFBB-44DA-AA8F-76921C2BB622}.Release|Win32.ActiveCfg = Release|Win32
		{64C0731D-DFBB-44DA-AA8F-76921C2BB622}.Release|Win32.Build.0 = Release|Win32
		{64C0731D-DFBB-44DA-AA8F-76921C2BB622}.Release|x64.ActiveCfg = Release|x64
		{64C0731D-DFBB-44DA-AA8F-76921C2BB622}.Release|x64.Build.0 = Release|x64
		{64C0731D-DFBB-44DA-AA8F-76921C2BB622}.Release|x86.ActiveCfg = Release|Win32
		{64C0731D-DFBB-44DA-AA8F-76921C2BB622}.Release|x86.Build.0 = Release|Win32
		{1F0A1785-4B68-40A4-8ED8-77A125074813}.Debug|Win32.ActiveCfg = Debug|Win32
		{1F0A1785-4B68-40A4-8ED8-77A125074813}.Debug|Win32.Build.0 = Debug|Win32
		{1F0A1785-4B68-40A4-8ED8-77A125074813}.Debug|x64.ActiveCfg = Debug|x64
		{1F0A1785-4B68-40A4-8ED8-77A125074813}.Debug|x64.Build.0 = Debug|x64
		{1F0A1785-4B68-40A4-8ED8-77A125074813}.Debug|x86.ActiveCfg = Debug|Win32
		{1F0A1785-4B68-40A4-8ED8-77A125074813}.Debug|x86.Build.0 = Debug|Win32
		{1F0A1785-4B68-40A4-8ED8-77A125074813}.Release|Win32.ActiveCfg = Release|Win32
		{1F0A1785-4B68-40A4-8ED8-77A125074813}.Release|Win32.Build.0 = Release|Win32
		{1F0A1785-4B68-40A4-8ED8-77A125074813}.Release|x64.ActiveCfg = Release|x64
		{1F0A1785-4B68-40A4-8ED8-77A125074813}.Release|x64.Build.0 = Release|x64
		{1F0A1785-4B68-40A4-8ED8-77A125074813}.Release|x86.ActiveCfg = Release|Win32
		{1F0A1785-4B68-40A4-8ED8-77A125074813}.Release|x86.Build.0 = Release|Win32
		{B2A7C0A0-118F-412E-BC0F-E182DA64A154}.Debug|Win32.ActiveCfg = Debug|Win32
		{B2A7C0A0-118F-412E-BC0F-E182DA64A154}.Debug|Win32.Build.0 = Debug|Win32
		{B2A7C0A0-118F-412E-BC0F-E182DA64A154}.Debug|x64.ActiveCfg = Debug|x64
		{B2A7C0A0-118F-412E-BC0F-E182DA64A154}.Debug|x64.Build.0 = Debug|x64
		{B2A7C0A0-118F-412E-BC0F-E182DA64A154}.Debug|x86.ActiveCfg = Debug|Win32
		{B2A7C0A0-118F-412E-BC0F-E182DA64A154}.Debug|x86.Build.0 = Debug|Win32
		{B2A7C0A0-118F-412E-BC0F-E182DA64A154}.Release|Win32.ActiveCfg = Release|Win32
		{B2A7C0A0-118F-412E-BC0F-E182DA64A154}.Release|Win32.Build.0 = Release|Win32
		{B2A7C0A0-118F-412E-BC0F-E182DA64A154}.Release|x64.ActiveCfg = Release|x64
		{B2A7C0A0-118F-412E-BC0F-E182DA64A154}.Release|x64.Build.0 = Release|x64
		{B2A7C0A0-118F-412E-BC0F-E182DA64A154}.Release|x86.ActiveCfg = Release|Win32
		{B2A7C0A0-118F-412E-BC0F-E182DA64A154}.Release|x86.Build.0 = Release|Win32
		{B8F1D2C1-2381-4B07-924A-A8670F854BA1}.Debug|Win32.ActiveCfg = Debug|Win32
		{B8F1D2C1-2381-4B07-924A-A8670F854BA1}.Debug|Win32.Build.0 = Debug|Win32
		{B8F1D2C1-2381-4B07-924A-A8670F854BA1}.Debug|x64.ActiveCfg = Debug|x64
		{B8F1D2C1-2381-4B07-924A-A8670F854BA1}.Debug|x64.Build.0 = Debug|x64
		{B8F1D2C1-2381-4B07-924A-A8670F854BA1}.Debug|x86.ActiveCfg = Debug|Win32
		{B8F1D2C1-2381-4B07-924A-A8670F854BA1}.Debug|x86.Build.0 = Debug|Win32
		{B8F1D2C1-2381-4B07-924A-A8670F854BA1}.Release|Win32.ActiveCfg = Release|Win32
		{B8F1D2C1-2381-4B07-924A-A8670F854BA1}.Release|Win32.Build.0 = Release|Win32
		{B8F1D2C1-2381-4B07-924A-A8670F854BA1}.Release|x64.ActiveCfg = Release|x64
		{B8F1D2C1-2381-4B07-924A-A8670F854BA1}.Release|x64.Build.0 = Release|x64
		{B8F1D2C1-2381-4B07-924A-A8670F854BA1}.Release|x86.ActiveCfg = Release|Win32
		{B8F1D2C1-2381-4B07-924A-A8670F854BA1}.Release|x86.Build.0 = Release|Win32
		{3D34C395-A41D-4A4A-B17E-81D66F66182D}.Debug|Win32.ActiveCfg = Debug|Win32
		{3D34C395-A41D-4A4A-B17E-81D66F66182D}.Debug|Win32.Build.0 = Debug|Win32
		{3D34C395-A41D-4A4A-B17E-81D66F66182D}.Debug|x64.ActiveCfg = Debug|x64
		{3D34C395-A41D-4A4A-B17E-81D66F66182D}.Debug|x64.Build.0 = Debug|x64
		{3D34C395-A41D-4A4A-B17E-81D66F66182D}.Debug|x86.ActiveCfg = Debug|Win32
		{3D34C395-A41D-4A4A-B17E-81D66F66182D}.Debug|x86.Build.0 = Debug|Win32
		{3D34C395-A41D-4A4A-B17E-81D66F66182D}.Release|Win32.ActiveCfg = Release|Win32
		{3D34C395-A41D-4A4A-B17E-81D66F66182D}.Release|Win32.Build.0 = Release|Win32
		{3D34C395-A41D-4A4A-B17E-81D66F66182D}.Release|x64.ActiveCfg = Release|x64
		{3D34C395-A41D-4A4A-B17E-81D66F66182D}.Release|x64.Build.0 = Release|x64
		{3D34C395-A41D-4A4A-B17E-81D66F66182D}.Release|x86.ActiveCfg = Release|Win32
		{3D34C395-A41D-4A4A-B17E-81D66F66182D}.Release|x86.Build.0 = Release|Win32
		{9A1C1E6C-7755-4E44-9B3D-011D9C1F2EBB}.Debug|Win32.ActiveCfg = Debug|Win32
		{9A1C1E6C-7755-4E44-9B3D-011D9C1F2EBB}.Debug|Win32.Build.0 = Debug|Win32
		{9A1C1E6C-7755-4E44-9B3D-011D9C1F2EBB}.Debug|x64.ActiveCfg = Debug|x64
		{9A1C1E6C-7755-4E44-9B3D-011D9C1F2EBB}.Debug|x64.Build.0 = Debug|x64
		{9A1C1E6C-7755-4E44-9B3D-011D9C1F2EBB}.Debug|x86.ActiveCfg = Debug|Win32
		{9A1C1E6C-7755-4E44-9B3D-011D9C1F2EBB}.Debug|x86.Build.0 = Debug|Win32
		{9A1C1E6C-7755-4E44-9B3D-011D9C1F2EBB}.Release|Win32.ActiveCfg = Release|Win32
		{9A1C1E6C-7755-4E44-9B3D-011D9C1F2EBB}.Release|Win32.Build.0 = Release|Win32
		{9A1C1E6C-7755-4E44-9B3D-011D9C1F2EBB}.Release|x64.ActiveCfg = Release|x64
		{9A1C1E6C-7755-4E44-9B3D-011D9C1F2EBB}.Release|x64.Build.0 = Release|x64
		{9A1C1E6C-7755-4E44-9B3D-011D9C1F2EBB}.Release|x86.ActiveCfg = Release|Win32
		{9A1C1E6C-7755-4E44-9B3D-011D9C1F2EBB}.Release|x86.Build.0 = Release|Win32
	EndGlobalSection
	GlobalSection(SolutionProperties) = preSolution
		HideSolutionNode = FALSE
	EndGlobalSection
	GlobalSection(ExtensibilityGlobals) = postSolution
		SolutionGuid = {A7380EBE-1443-4B86-A886-1518F854073A}
	EndGlobalSection
EndGlobal
