
Microsoft Visual Studio Solution File, Format Version 12.00
# Visual Studio Version 16
VisualStudioVersion = 16.0.32630.194
MinimumVisualStudioVersion = 10.0.40219.1
Project("{8BC9CEB8-8B4A-11D0-8D11-00A0C91BC942}") = "C++Learning", "C++Learning\C++Learning.vcxproj", "{A9F1CA98-BB42-4701-9B86-C860038C3663}"
EndProject
Project("{8BC9CEB8-8B4A-11D0-8D11-00A0C91BC942}") = "vector类", "vector类\vector类.vcxproj", "{587CA469-45F6-4504-8BB4-516BAC583943}"
EndProject
Project("{8BC9CEB8-8B4A-11D0-8D11-00A0C91BC942}") = "泛型的vector类", "泛型的vector类\泛型的vector类.vcxproj", "{A39D67C7-9F69-404B-821F-DF7036CAA710}"
EndProject
Project("{8BC9CEB8-8B4A-11D0-8D11-00A0C91BC942}") = "虚析构和纯虚析构", "虚析构和纯虚析构\虚析构和纯虚析构.vcxproj", "{A31F9754-6601-4A9F-A7FA-91235613EFF5}"
EndProject
Project("{8BC9CEB8-8B4A-11D0-8D11-00A0C91BC942}") = "文件操作", "文件操作\文件操作.vcxproj", "{B04B605E-AB8E-4055-B00A-F895FB00610A}"
EndProject
Project("{8BC9CEB8-8B4A-11D0-8D11-00A0C91BC942}") = "职工管理系统", "职工管理系统\职工管理系统.vcxproj", "{9BCD94F2-B5EF-4C89-9C63-6145AB799974}"
EndProject
Project("{8BC9CEB8-8B4A-11D0-8D11-00A0C91BC942}") = "多线程", "多线程\多线程.vcxproj", "{16412070-C80B-4476-A833-B87AAC51685F}"
EndProject
Project("{8BC9CEB8-8B4A-11D0-8D11-00A0C91BC942}") = "传递参数详解", "传递参数详解\传递参数详解.vcxproj", "{D7F5340B-F325-4863-B053-1B47B725E61A}"
EndProject
Project("{8BC9CEB8-8B4A-11D0-8D11-00A0C91BC942}") = "模板学习", "模板学习\模板学习.vcxproj", "{CD69ACAE-6300-47CC-BFB6-C645E27F3699}"
EndProject
Project("{8BC9CEB8-8B4A-11D0-8D11-00A0C91BC942}") = "STL学习", "STL学习\STL学习.vcxproj", "{1CEF8F9E-4BDD-46E1-BAE9-0B78FCD83948}"
EndProject
Project("{8BC9CEB8-8B4A-11D0-8D11-00A0C91BC942}") = "List容器", "List容器\List容器.vcxproj", "{25783033-CC57-47E2-A4A7-9BA173BF344E}"
EndProject
Global
	GlobalSection(SolutionConfigurationPlatforms) = preSolution
		Debug|Win32 = Debug|Win32
		Debug|x64 = Debug|x64
		Debug|x86 = Debug|x86
		Release|Win32 = Release|Win32
		Release|x64 = Release|x64
		Release|x86 = Release|x86
	EndGlobalSection
	GlobalSection(ProjectConfigurationPlatforms) = postSolution
		{A9F1CA98-BB42-4701-9B86-C860038C3663}.Debug|Win32.ActiveCfg = Debug|Win32
		{A9F1CA98-BB42-4701-9B86-C860038C3663}.Debug|Win32.Build.0 = Debug|Win32
		{A9F1CA98-BB42-4701-9B86-C860038C3663}.Debug|x64.ActiveCfg = Debug|x64
		{A9F1CA98-BB42-4701-9B86-C860038C3663}.Debug|x64.Build.0 = Debug|x64
		{A9F1CA98-BB42-4701-9B86-C860038C3663}.Debug|x86.ActiveCfg = Debug|Win32
		{A9F1CA98-BB42-4701-9B86-C860038C3663}.Debug|x86.Build.0 = Debug|Win32
		{A9F1CA98-BB42-4701-9B86-C860038C3663}.Release|Win32.ActiveCfg = Release|Win32
		{A9F1CA98-BB42-4701-9B86-C860038C3663}.Release|Win32.Build.0 = Release|Win32
		{A9F1CA98-BB42-4701-9B86-C860038C3663}.Release|x64.ActiveCfg = Release|x64
		{A9F1CA98-BB42-4701-9B86-C860038C3663}.Release|x64.Build.0 = Release|x64
		{A9F1CA98-BB42-4701-9B86-C860038C3663}.Release|x86.ActiveCfg = Release|Win32
		{A9F1CA98-BB42-4701-9B86-C860038C3663}.Release|x86.Build.0 = Release|Win32
		{587CA469-45F6-4504-8BB4-516BAC583943}.Debug|Win32.ActiveCfg = Debug|Win32
		{587CA469-45F6-4504-8BB4-516BAC583943}.Debug|Win32.Build.0 = Debug|Win32
		{587CA469-45F6-4504-8BB4-516BAC583943}.Debug|x64.ActiveCfg = Debug|x64
		{587CA469-45F6-4504-8BB4-516BAC583943}.Debug|x64.Build.0 = Debug|x64
		{587CA469-45F6-4504-8BB4-516BAC583943}.Debug|x86.ActiveCfg = Debug|Win32
		{587CA469-45F6-4504-8BB4-516BAC583943}.Debug|x86.Build.0 = Debug|Win32
		{587CA469-45F6-4504-8BB4-516BAC583943}.Release|Win32.ActiveCfg = Release|Win32
		{587CA469-45F6-4504-8BB4-516BAC583943}.Release|Win32.Build.0 = Release|Win32
		{587CA469-45F6-4504-8BB4-516BAC583943}.Release|x64.ActiveCfg = Release|x64
		{587CA469-45F6-4504-8BB4-516BAC583943}.Release|x64.Build.0 = Release|x64
		{587CA469-45F6-4504-8BB4-516BAC583943}.Release|x86.ActiveCfg = Release|Win32
		{587CA469-45F6-4504-8BB4-516BAC583943}.Release|x86.Build.0 = Release|Win32
		{A39D67C7-9F69-404B-821F-DF7036CAA710}.Debug|Win32.ActiveCfg = Debug|Win32
		{A39D67C7-9F69-404B-821F-DF7036CAA710}.Debug|Win32.Build.0 = Debug|Win32
		{A39D67C7-9F69-404B-821F-DF7036CAA710}.Debug|x64.ActiveCfg = Debug|x64
		{A39D67C7-9F69-404B-821F-DF7036CAA710}.Debug|x64.Build.0 = Debug|x64
		{A39D67C7-9F69-404B-821F-DF7036CAA710}.Debug|x86.ActiveCfg = Debug|Win32
		{A39D67C7-9F69-404B-821F-DF7036CAA710}.Debug|x86.Build.0 = Debug|Win32
		{A39D67C7-9F69-404B-821F-DF7036CAA710}.Release|Win32.ActiveCfg = Release|Win32
		{A39D67C7-9F69-404B-821F-DF7036CAA710}.Release|Win32.Build.0 = Release|Win32
		{A39D67C7-9F69-404B-821F-DF7036CAA710}.Release|x64.ActiveCfg = Release|x64
		{A39D67C7-9F69-404B-821F-DF7036CAA710}.Release|x64.Build.0 = Release|x64
		{A39D67C7-9F69-404B-821F-DF7036CAA710}.Release|x86.ActiveCfg = Release|Win32
		{A39D67C7-9F69-404B-821F-DF7036CAA710}.Release|x86.Build.0 = Release|Win32
		{A31F9754-6601-4A9F-A7FA-91235613EFF5}.Debug|Win32.ActiveCfg = Debug|Win32
		{A31F9754-6601-4A9F-A7FA-91235613EFF5}.Debug|Win32.Build.0 = Debug|Win32
		{A31F9754-6601-4A9F-A7FA-91235613EFF5}.Debug|x64.ActiveCfg = Debug|x64
		{A31F9754-6601-4A9F-A7FA-91235613EFF5}.Debug|x64.Build.0 = Debug|x64
		{A31F9754-6601-4A9F-A7FA-91235613EFF5}.Debug|x86.ActiveCfg = Debug|Win32
		{A31F9754-6601-4A9F-A7FA-91235613EFF5}.Debug|x86.Build.0 = Debug|Win32
		{A31F9754-6601-4A9F-A7FA-91235613EFF5}.Release|Win32.ActiveCfg = Release|Win32
		{A31F9754-6601-4A9F-A7FA-91235613EFF5}.Release|Win32.Build.0 = Release|Win32
		{A31F9754-6601-4A9F-A7FA-91235613EFF5}.Release|x64.ActiveCfg = Release|x64
		{A31F9754-6601-4A9F-A7FA-91235613EFF5}.Release|x64.Build.0 = Release|x64
		{A31F9754-6601-4A9F-A7FA-91235613EFF5}.Release|x86.ActiveCfg = Release|Win32
		{A31F9754-6601-4A9F-A7FA-91235613EFF5}.Release|x86.Build.0 = Release|Win32
		{B04B605E-AB8E-4055-B00A-F895FB00610A}.Debug|Win32.ActiveCfg = Debug|Win32
		{B04B605E-AB8E-4055-B00A-F895FB00610A}.Debug|Win32.Build.0 = Debug|Win32
		{B04B605E-AB8E-4055-B00A-F895FB00610A}.Debug|x64.ActiveCfg = Debug|x64
		{B04B605E-AB8E-4055-B00A-F895FB00610A}.Debug|x64.Build.0 = Debug|x64
		{B04B605E-AB8E-4055-B00A-F895FB00610A}.Debug|x86.ActiveCfg = Debug|Win32
		{B04B605E-AB8E-4055-B00A-F895FB00610A}.Debug|x86.Build.0 = Debug|Win32
		{B04B605E-AB8E-4055-B00A-F895FB00610A}.Release|Win32.ActiveCfg = Release|Win32
		{B04B605E-AB8E-4055-B00A-F895FB00610A}.Release|Win32.Build.0 = Release|Win32
		{B04B605E-AB8E-4055-B00A-F895FB00610A}.Release|x64.ActiveCfg = Release|x64
		{B04B605E-AB8E-4055-B00A-F895FB00610A}.Release|x64.Build.0 = Release|x64
		{B04B605E-AB8E-4055-B00A-F895FB00610A}.Release|x86.ActiveCfg = Release|Win32
		{B04B605E-AB8E-4055-B00A-F895FB00610A}.Release|x86.Build.0 = Release|Win32
		{9BCD94F2-B5EF-4C89-9C63-6145AB799974}.Debug|Win32.ActiveCfg = Debug|Win32
		{9BCD94F2-B5EF-4C89-9C63-6145AB799974}.Debug|Win32.Build.0 = Debug|Win32
		{9BCD94F2-B5EF-4C89-9C63-6145AB799974}.Debug|x64.ActiveCfg = Debug|x64
		{9BCD94F2-B5EF-4C89-9C63-6145AB799974}.Debug|x64.Build.0 = Debug|x64
		{9BCD94F2-B5EF-4C89-9C63-6145AB799974}.Debug|x86.ActiveCfg = Debug|Win32
		{9BCD94F2-B5EF-4C89-9C63-6145AB799974}.Debug|x86.Build.0 = Debug|Win32
		{9BCD94F2-B5EF-4C89-9C63-6145AB799974}.Release|Win32.ActiveCfg = Release|Win32
		{9BCD94F2-B5EF-4C89-9C63-6145AB799974}.Release|Win32.Build.0 = Release|Win32
		{9BCD94F2-B5EF-4C89-9C63-6145AB799974}.Release|x64.ActiveCfg = Release|x64
		{9BCD94F2-B5EF-4C89-9C63-6145AB799974}.Release|x64.Build.0 = Release|x64
		{9BCD94F2-B5EF-4C89-9C63-6145AB799974}.Release|x86.ActiveCfg = Release|Win32
		{9BCD94F2-B5EF-4C89-9C63-6145AB799974}.Release|x86.Build.0 = Release|Win32
		{16412070-C80B-4476-A833-B87AAC51685F}.Debug|Win32.ActiveCfg = Debug|Win32
		{16412070-C80B-4476-A833-B87AAC51685F}.Debug|Win32.Build.0 = Debug|Win32
		{16412070-C80B-4476-A833-B87AAC51685F}.Debug|x64.ActiveCfg = Debug|x64
		{16412070-C80B-4476-A833-B87AAC51685F}.Debug|x64.Build.0 = Debug|x64
		{16412070-C80B-4476-A833-B87AAC51685F}.Debug|x86.ActiveCfg = Debug|Win32
		{16412070-C80B-4476-A833-B87AAC51685F}.Debug|x86.Build.0 = Debug|Win32
		{16412070-C80B-4476-A833-B87AAC51685F}.Release|Win32.ActiveCfg = Release|Win32
		{16412070-C80B-4476-A833-B87AAC51685F}.Release|Win32.Build.0 = Release|Win32
		{16412070-C80B-4476-A833-B87AAC51685F}.Release|x64.ActiveCfg = Release|x64
		{16412070-C80B-4476-A833-B87AAC51685F}.Release|x64.Build.0 = Release|x64
		{16412070-C80B-4476-A833-B87AAC51685F}.Release|x86.ActiveCfg = Release|Win32
		{16412070-C80B-4476-A833-B87AAC51685F}.Release|x86.Build.0 = Release|Win32
		{D7F5340B-F325-4863-B053-1B47B725E61A}.Debug|Win32.ActiveCfg = Debug|Win32
		{D7F5340B-F325-4863-B053-1B47B725E61A}.Debug|Win32.Build.0 = Debug|Win32
		{D7F5340B-F325-4863-B053-1B47B725E61A}.Debug|x64.ActiveCfg = Debug|x64
		{D7F5340B-F325-4863-B053-1B47B725E61A}.Debug|x64.Build.0 = Debug|x64
		{D7F5340B-F325-4863-B053-1B47B725E61A}.Debug|x86.ActiveCfg = Debug|Win32
		{D7F5340B-F325-4863-B053-1B47B725E61A}.Debug|x86.Build.0 = Debug|Win32
		{D7F5340B-F325-4863-B053-1B47B725E61A}.Release|Win32.ActiveCfg = Release|Win32
		{D7F5340B-F325-4863-B053-1B47B725E61A}.Release|Win32.Build.0 = Release|Win32
		{D7F5340B-F325-4863-B053-1B47B725E61A}.Release|x64.ActiveCfg = Release|x64
		{D7F5340B-F325-4863-B053-1B47B725E61A}.Release|x64.Build.0 = Release|x64
		{D7F5340B-F325-4863-B053-1B47B725E61A}.Release|x86.ActiveCfg = Release|Win32
		{D7F5340B-F325-4863-B053-1B47B725E61A}.Release|x86.Build.0 = Release|Win32
		{CD69ACAE-6300-47CC-BFB6-C645E27F3699}.Debug|Win32.ActiveCfg = Debug|Win32
		{CD69ACAE-6300-47CC-BFB6-C645E27F3699}.Debug|Win32.Build.0 = Debug|Win32
		{CD69ACAE-6300-47CC-BFB6-C645E27F3699}.Debug|x64.ActiveCfg = Debug|x64
		{CD69ACAE-6300-47CC-BFB6-C645E27F3699}.Debug|x64.Build.0 = Debug|x64
		{CD69ACAE-6300-47CC-BFB6-C645E27F3699}.Debug|x86.ActiveCfg = Debug|Win32
		{CD69ACAE-6300-47CC-BFB6-C645E27F3699}.Debug|x86.Build.0 = Debug|Win32
		{CD69ACAE-6300-47CC-BFB6-C645E27F3699}.Release|Win32.ActiveCfg = Release|Win32
		{CD69ACAE-6300-47CC-BFB6-C645E27F3699}.Release|Win32.Build.0 = Release|Win32
		{CD69ACAE-6300-47CC-BFB6-C645E27F3699}.Release|x64.ActiveCfg = Release|x64
		{CD69ACAE-6300-47CC-BFB6-C645E27F3699}.Release|x64.Build.0 = Release|x64
		{CD69ACAE-6300-47CC-BFB6-C645E27F3699}.Release|x86.ActiveCfg = Release|Win32
		{CD69ACAE-6300-47CC-BFB6-C645E27F3699}.Release|x86.Build.0 = Release|Win32
		{1CEF8F9E-4BDD-46E1-BAE9-0B78FCD83948}.Debug|Win32.ActiveCfg = Debug|Win32
		{1CEF8F9E-4BDD-46E1-BAE9-0B78FCD83948}.Debug|Win32.Build.0 = Debug|Win32
		{1CEF8F9E-4BDD-46E1-BAE9-0B78FCD83948}.Debug|x64.ActiveCfg = Debug|x64
		{1CEF8F9E-4BDD-46E1-BAE9-0B78FCD83948}.Debug|x64.Build.0 = Debug|x64
		{1CEF8F9E-4BDD-46E1-BAE9-0B78FCD83948}.Debug|x86.ActiveCfg = Debug|Win32
		{1CEF8F9E-4BDD-46E1-BAE9-0B78FCD83948}.Debug|x86.Build.0 = Debug|Win32
		{1CEF8F9E-4BDD-46E1-BAE9-0B78FCD83948}.Release|Win32.ActiveCfg = Release|Win32
		{1CEF8F9E-4BDD-46E1-BAE9-0B78FCD83948}.Release|Win32.Build.0 = Release|Win32
		{1CEF8F9E-4BDD-46E1-BAE9-0B78FCD83948}.Release|x64.ActiveCfg = Release|x64
		{1CEF8F9E-4BDD-46E1-BAE9-0B78FCD83948}.Release|x64.Build.0 = Release|x64
		{1CEF8F9E-4BDD-46E1-BAE9-0B78FCD83948}.Release|x86.ActiveCfg = Release|Win32
		{1CEF8F9E-4BDD-46E1-BAE9-0B78FCD83948}.Release|x86.Build.0 = Release|Win32
		{25783033-CC57-47E2-A4A7-9BA173BF344E}.Debug|Win32.ActiveCfg = Debug|Win32
		{25783033-CC57-47E2-A4A7-9BA173BF344E}.Debug|Win32.Build.0 = Debug|Win32
		{25783033-CC57-47E2-A4A7-9BA173BF344E}.Debug|x64.ActiveCfg = Debug|x64
		{25783033-CC57-47E2-A4A7-9BA173BF344E}.Debug|x64.Build.0 = Debug|x64
		{25783033-CC57-47E2-A4A7-9BA173BF344E}.Debug|x86.ActiveCfg = Debug|Win32
		{25783033-CC57-47E2-A4A7-9BA173BF344E}.Debug|x86.Build.0 = Debug|Win32
		{25783033-CC57-47E2-A4A7-9BA173BF344E}.Release|Win32.ActiveCfg = Release|Win32
		{25783033-CC57-47E2-A4A7-9BA173BF344E}.Release|Win32.Build.0 = Release|Win32
		{25783033-CC57-47E2-A4A7-9BA173BF344E}.Release|x64.ActiveCfg = Release|x64
		{25783033-CC57-47E2-A4A7-9BA173BF344E}.Release|x64.Build.0 = Release|x64
		{25783033-CC57-47E2-A4A7-9BA173BF344E}.Release|x86.ActiveCfg = Release|Win32
		{25783033-CC57-47E2-A4A7-9BA173BF344E}.Release|x86.Build.0 = Release|Win32
	EndGlobalSection
	GlobalSection(SolutionProperties) = preSolution
		HideSolutionNode = FALSE
	EndGlobalSection
	GlobalSection(ExtensibilityGlobals) = postSolution
		SolutionGuid = {A7380EBE-1443-4B86-A886-1518F854073A}
	EndGlobalSection
EndGlobal
